
Microsoft Visual Studio Solution File, Format Version 12.00
# Visual Studio Version 17
VisualStudioVersion = 17.0.32112.339
MinimumVisualStudioVersion = 10.0.40219.1
Project("{FAE04EC0-301F-11D3-BF4B-00C04F79EFBC}") = "Summative Project - Cash Register - Dungeon Merchant", "Summative Project - Cash Register - Dungeon Merchant\Summative Project - Cash Register - Dungeon Merchant.csproj", "{6E60F1EA-1158-44E5-8C2F-8CB863771B26}"
EndProject
Global
	GlobalSection(SolutionConfigurationPlatforms) = preSolution
		Debug|Any CPU = Debug|Any CPU
		Release|Any CPU = Release|Any CPU
	EndGlobalSection
	GlobalSection(ProjectConfigurationPlatforms) = postSolution
		{6E60F1EA-1158-44E5-8C2F-8CB863771B26}.Debug|Any CPU.ActiveCfg = Debug|Any CPU
		{6E60F1EA-1158-44E5-8C2F-8CB863771B26}.Debug|Any CPU.Build.0 = Debug|Any CPU
		{6E60F1EA-1158-44E5-8C2F-8CB863771B26}.Release|Any CPU.ActiveCfg = Release|Any CPU
		{6E60F1EA-1158-44E5-8C2F-8CB863771B26}.Release|Any CPU.Build.0 = Release|Any CPU
	EndGlobalSection
	GlobalSection(SolutionProperties) = preSolution
		HideSolutionNode = FALSE
	EndGlobalSection
	GlobalSection(ExtensibilityGlobals) = postSolution
		SolutionGuid = {4EB36770-83DC-4FE0-B299-70026F94CE23}
	EndGlobalSection
EndGlobal
